# This file is generated by running "yarn install" inside your project.
# Manual changes might be lost - proceed with caution!

__metadata:
  version: 4

"createjs@npm:^1.0.1":
  version: 1.0.1
  resolution: "createjs@npm:1.0.1"
  checksum: 7bf962a9719fd106b2db0d81538f8c2028b688662d2c25f7dda744d36d554bc8ff4059d8c26aa88b53962d94b5bb18281041dbd41c5c8a20bc92f1c9ee287aac
  languageName: node
  linkType: hard

"pixel-resume@workspace:.":
  version: 0.0.0-use.local
  resolution: "pixel-resume@workspace:."
  dependencies:
    createjs: ^1.0.1
  languageName: unknown
  linkType: soft
